{
  "name": "design",
  "version": "1.0.0",
  "lockfileVersion": 1,
  "requires": true,
  "dependencies": {
    "abstract-leveldown": {
      "version": "0.12.4",
      "resolved": "https://registry.npm.taobao.org/abstract-leveldown/download/abstract-leveldown-0.12.4.tgz",
      "integrity": "sha1-KeGOYy5g5OIh1YECR4UqY9ey5BA=",
      "requires": {
        "xtend": "~3.0.0"
      },
      "dependencies": {
        "xtend": {
          "version": "3.0.0",
          "resolved": "https://registry.npm.taobao.org/xtend/download/xtend-3.0.0.tgz",
          "integrity": "sha1-XM50B7r2Qsunvs2laBEcST9ZZlo="
        }
      }
    },
    "bl": {
      "version": "0.8.2",
      "resolved": "https://registry.npm.taobao.org/bl/download/bl-0.8.2.tgz?cache=0&sync_timestamp=1568859095181&other_urls=https%3A%2F%2Fregistry.npm.taobao.org%2Fbl%2Fdownload%2Fbl-0.8.2.tgz",
      "integrity": "sha1-yba8oI0bwuoA/Ir7Txpf0eHGbk4=",
      "requires": {
        "readable-stream": "~1.0.26"
      }
    },
    "bytewise": {
      "version": "1.1.0",
      "resolved": "https://registry.npm.taobao.org/bytewise/download/bytewise-1.1.0.tgz",
      "integrity": "sha1-HRPL/3F65xWAlKqIGzXQgbOHJT4=",
      "requires": {
        "bytewise-core": "^1.2.2",
        "typewise": "^1.0.3"
      }
    },
    "bytewise-core": {
      "version": "1.2.3",
      "resolved": "https://registry.npm.taobao.org/bytewise-core/download/bytewise-core-1.2.3.tgz",
      "integrity": "sha1-P7QQx+kVWOsasiqCg0V3qmvWHUI=",
      "requires": {
        "typewise-core": "^1.2"
      }
    },
    "core-util-is": {
      "version": "1.0.2",
      "resolved": "https://registry.npm.taobao.org/core-util-is/download/core-util-is-1.0.2.tgz",
      "integrity": "sha1-tf1UIgqivFq1eqtxQMlAdUUDwac="
    },
    "deferred-leveldown": {
      "version": "0.2.0",
      "resolved": "https://registry.npm.taobao.org/deferred-leveldown/download/deferred-leveldown-0.2.0.tgz",
      "integrity": "sha1-LO8fER4cV4cNi7uK8mUOWHzS9bQ=",
      "requires": {
        "abstract-leveldown": "~0.12.1"
      }
    },
    "encoding-down": {
      "version": "6.3.0",
      "resolved": "https://registry.npm.taobao.org/encoding-down/download/encoding-down-6.3.0.tgz",
      "integrity": "sha1-scTrDhcowUbsrvjjKWPFSedtCCs=",
      "requires": {
        "abstract-leveldown": "^6.2.1",
        "inherits": "^2.0.3",
        "level-codec": "^9.0.0",
        "level-errors": "^2.0.0"
      },
      "dependencies": {
        "abstract-leveldown": {
          "version": "6.2.1",
          "resolved": "https://registry.npm.taobao.org/abstract-leveldown/download/abstract-leveldown-6.2.1.tgz",
          "integrity": "sha1-N7ZVFR4Tw9myD6OgTOY8yqNF/OQ=",
          "requires": {
            "level-concat-iterator": "~2.0.0",
            "level-supports": "~1.0.0",
            "xtend": "~4.0.0"
          }
        }
      }
    },
    "errno": {
      "version": "0.1.7",
      "resolved": "https://registry.npm.taobao.org/errno/download/errno-0.1.7.tgz",
      "integrity": "sha1-RoTXF3mtOa8Xfj8AeZb3xnyFJhg=",
      "requires": {
        "prr": "~1.0.1"
      },
      "dependencies": {
        "prr": {
          "version": "1.0.1",
          "resolved": "https://registry.npm.taobao.org/prr/download/prr-1.0.1.tgz",
          "integrity": "sha1-0/wRS6BplaRexok/SEzrHXj19HY="
        }
      }
    },
    "immediate": {
      "version": "3.2.3",
      "resolved": "https://registry.npm.taobao.org/immediate/download/immediate-3.2.3.tgz",
      "integrity": "sha1-0UD6j2FGWb1lQSMwl92qwlzdmRw="
    },
    "inherits": {
      "version": "2.0.4",
      "resolved": "https://registry.npm.taobao.org/inherits/download/inherits-2.0.4.tgz?cache=0&sync_timestamp=1560975547815&other_urls=https%3A%2F%2Fregistry.npm.taobao.org%2Finherits%2Fdownload%2Finherits-2.0.4.tgz",
      "integrity": "sha1-D6LGT5MpF8NDOg3tVTY6rjdBa3w="
    },
    "is-typedarray": {
      "version": "1.0.0",
      "resolved": "https://registry.npm.taobao.org/is-typedarray/download/is-typedarray-1.0.0.tgz",
      "integrity": "sha1-5HnICFjfDBsR3dppQPlgEfzaSpo="
    },
    "isarray": {
      "version": "0.0.1",
      "resolved": "https://registry.npm.taobao.org/isarray/download/isarray-0.0.1.tgz",
      "integrity": "sha1-ihis/Kmo9Bd+Cav8YDiTmwXR7t8="
    },
    "level": {
      "version": "5.0.1",
      "resolved": "https://registry.npm.taobao.org/level/download/level-5.0.1.tgz",
      "integrity": "sha1-hSjMHuN6xBMnASmh6rk4xhC+PMs=",
      "requires": {
        "level-js": "^4.0.0",
        "level-packager": "^5.0.0",
        "leveldown": "^5.0.0",
        "opencollective-postinstall": "^2.0.0"
      }
    },
    "level-codec": {
      "version": "9.0.1",
      "resolved": "https://registry.npm.taobao.org/level-codec/download/level-codec-9.0.1.tgz",
      "integrity": "sha1-BC9KqF5W1DKKzjaMlQgRuoArckc="
    },
    "level-concat-iterator": {
      "version": "2.0.1",
      "resolved": "https://registry.npm.taobao.org/level-concat-iterator/download/level-concat-iterator-2.0.1.tgz",
      "integrity": "sha1-HRAJzxCDQCUss4xR+XJzERk+YmM="
    },
    "level-errors": {
      "version": "2.0.1",
      "resolved": "https://registry.npm.taobao.org/level-errors/download/level-errors-2.0.1.tgz",
      "integrity": "sha1-ITKmd79OZ5zgKfUXwvF0MoAMBcg=",
      "requires": {
        "errno": "~0.1.1"
      }
    },
    "level-iterator-stream": {
      "version": "4.0.2",
      "resolved": "https://registry.npm.taobao.org/level-iterator-stream/download/level-iterator-stream-4.0.2.tgz",
      "integrity": "sha1-fOumm3E7DX4i/MDR8SjM3Iok95w=",
      "requires": {
        "inherits": "^2.0.4",
        "readable-stream": "^3.4.0",
        "xtend": "^4.0.2"
      },
      "dependencies": {
        "readable-stream": {
          "version": "3.4.0",
          "resolved": "https://registry.npm.taobao.org/readable-stream/download/readable-stream-3.4.0.tgz?cache=0&other_urls=https%3A%2F%2Fregistry.npm.taobao.org%2Freadable-stream%2Fdownload%2Freadable-stream-3.4.0.tgz",
          "integrity": "sha1-pRwmdUZY4KPCHb9ZFjvUW6b0R/w=",
          "requires": {
            "inherits": "^2.0.3",
            "string_decoder": "^1.1.1",
            "util-deprecate": "^1.0.1"
          }
        },
        "string_decoder": {
          "version": "1.3.0",
          "resolved": "https://registry.npm.taobao.org/string_decoder/download/string_decoder-1.3.0.tgz",
          "integrity": "sha1-QvEUWUpGzxqOMLCoT1bHjD7awh4=",
          "requires": {
            "safe-buffer": "~5.2.0"
          }
        }
      }
    },
    "level-js": {
      "version": "4.0.1",
      "resolved": "https://registry.npm.taobao.org/level-js/download/level-js-4.0.1.tgz",
      "integrity": "sha1-O61X2LtG67p7E7x0QrVvS0XIouA=",
      "requires": {
        "abstract-leveldown": "~6.0.1",
        "immediate": "~3.2.3",
        "inherits": "^2.0.3",
        "ltgt": "^2.1.2",
        "typedarray-to-buffer": "~3.1.5"
      },
      "dependencies": {
        "abstract-leveldown": {
          "version": "6.0.3",
          "resolved": "https://registry.npm.taobao.org/abstract-leveldown/download/abstract-leveldown-6.0.3.tgz",
          "integrity": "sha1-tLYVk0PHSwxRl7KBeFR4LY90jEo=",
          "requires": {
            "level-concat-iterator": "~2.0.0",
            "xtend": "~4.0.0"
          }
        }
      }
    },
    "level-packager": {
      "version": "5.1.0",
      "resolved": "https://registry.npm.taobao.org/level-packager/download/level-packager-5.1.0.tgz",
      "integrity": "sha1-nAHGyOI4DTGW1h5WvXnC7/Sp1cM=",
      "requires": {
        "encoding-down": "^6.3.0",
        "levelup": "^4.3.2"
      }
    },
    "level-post": {
      "version": "1.0.7",
      "resolved": "https://registry.npm.taobao.org/level-post/download/level-post-1.0.7.tgz",
      "integrity": "sha1-GczKlEGnzFJ4eaBjUADwbV6PJ9A=",
      "requires": {
        "ltgt": "^2.1.2"
      }
    },
    "level-sublevel": {
      "version": "6.6.5",
      "resolved": "https://registry.npm.taobao.org/level-sublevel/download/level-sublevel-6.6.5.tgz",
      "integrity": "sha1-rN36K+AzueUDVE4sZH88A9WiP70=",
      "requires": {
        "bytewise": "~1.1.0",
        "levelup": "~0.19.0",
        "ltgt": "~2.1.1",
        "pull-defer": "^0.2.2",
        "pull-level": "^2.0.3",
        "pull-stream": "^3.6.8",
        "typewiselite": "~1.0.0",
        "xtend": "~4.0.0"
      },
      "dependencies": {
        "levelup": {
          "version": "0.19.1",
          "resolved": "https://registry.npm.taobao.org/levelup/download/levelup-0.19.1.tgz",
          "integrity": "sha1-86anIFJyxLXzXkEv8ASgOgrt9Qs=",
          "requires": {
            "bl": "~0.8.1",
            "deferred-leveldown": "~0.2.0",
            "errno": "~0.1.1",
            "prr": "~0.0.0",
            "readable-stream": "~1.0.26",
            "semver": "~5.1.0",
            "xtend": "~3.0.0"
          },
          "dependencies": {
            "xtend": {
              "version": "3.0.0",
              "resolved": "https://registry.npm.taobao.org/xtend/download/xtend-3.0.0.tgz",
              "integrity": "sha1-XM50B7r2Qsunvs2laBEcST9ZZlo="
            }
          }
        }
      }
    },
    "level-supports": {
      "version": "1.0.1",
      "resolved": "https://registry.npm.taobao.org/level-supports/download/level-supports-1.0.1.tgz",
      "integrity": "sha1-L1MKWWg0xzAWIlIZiOLDa7d9Ei0=",
      "requires": {
        "xtend": "^4.0.2"
      }
    },
    "leveldown": {
      "version": "5.3.0",
      "resolved": "https://registry.npm.taobao.org/leveldown/download/leveldown-5.3.0.tgz",
      "integrity": "sha1-zCKAiLGEkB1StUvXBRhUO/sFlAY=",
      "requires": {
        "abstract-leveldown": "~6.1.1",
        "napi-macros": "~2.0.0",
        "node-gyp-build": "~4.1.0"
      },
      "dependencies": {
        "abstract-leveldown": {
          "version": "6.1.1",
          "resolved": "https://registry.npm.taobao.org/abstract-leveldown/download/abstract-leveldown-6.1.1.tgz",
          "integrity": "sha1-9EutWGLXHHtBgRDXaYrCW+3yQ5Y=",
          "requires": {
            "level-concat-iterator": "~2.0.0",
            "xtend": "~4.0.0"
          }
        }
      }
    },
    "levelup": {
      "version": "4.3.2",
      "resolved": "https://registry.npm.taobao.org/levelup/download/levelup-4.3.2.tgz",
      "integrity": "sha1-McWxsp8UbR011pLgGm2k0o+lXr0=",
      "requires": {
        "deferred-leveldown": "~5.3.0",
        "level-errors": "~2.0.0",
        "level-iterator-stream": "~4.0.0",
        "level-supports": "~1.0.0",
        "xtend": "~4.0.0"
      },
      "dependencies": {
        "abstract-leveldown": {
          "version": "6.2.1",
          "resolved": "https://registry.npm.taobao.org/abstract-leveldown/download/abstract-leveldown-6.2.1.tgz",
          "integrity": "sha1-N7ZVFR4Tw9myD6OgTOY8yqNF/OQ=",
          "requires": {
            "level-concat-iterator": "~2.0.0",
            "level-supports": "~1.0.0",
            "xtend": "~4.0.0"
          }
        },
        "deferred-leveldown": {
          "version": "5.3.0",
          "resolved": "https://registry.npm.taobao.org/deferred-leveldown/download/deferred-leveldown-5.3.0.tgz",
          "integrity": "sha1-J6mXrZVAi2EWGqab1Im4bHG3gFg=",
          "requires": {
            "abstract-leveldown": "~6.2.1",
            "inherits": "^2.0.3"
          }
        }
      }
    },
    "looper": {
      "version": "2.0.0",
      "resolved": "https://registry.npm.taobao.org/looper/download/looper-2.0.0.tgz",
      "integrity": "sha1-Zs0Md0rz1P7axTeU90LbVtqPCew="
    },
    "ltgt": {
      "version": "2.1.3",
      "resolved": "https://registry.npm.taobao.org/ltgt/download/ltgt-2.1.3.tgz",
      "integrity": "sha1-EIUaBtmWS5cReEQcI8nlJpjuzjQ="
    },
    "napi-macros": {
      "version": "2.0.0",
      "resolved": "https://registry.npm.taobao.org/napi-macros/download/napi-macros-2.0.0.tgz",
      "integrity": "sha1-K2uuQh57lutoeqbHenhYZAZwABs="
    },
    "node-gyp-build": {
      "version": "4.1.1",
      "resolved": "https://registry.npm.taobao.org/node-gyp-build/download/node-gyp-build-4.1.1.tgz",
      "integrity": "sha1-1ycLXYZxcGjRFMxX//NS+W10X+s="
    },
    "opencollective-postinstall": {
      "version": "2.0.2",
      "resolved": "https://registry.npm.taobao.org/opencollective-postinstall/download/opencollective-postinstall-2.0.2.tgz",
      "integrity": "sha1-Vlfxvt5ptuM6RZObBh61PTxsOok="
    },
    "prr": {
      "version": "0.0.0",
      "resolved": "https://registry.npm.taobao.org/prr/download/prr-0.0.0.tgz",
      "integrity": "sha1-GoS4WQgyVQFBGFPQCB7j+obikmo="
    },
    "pull-cat": {
      "version": "1.1.11",
      "resolved": "https://registry.npm.taobao.org/pull-cat/download/pull-cat-1.1.11.tgz",
      "integrity": "sha1-tkLdElXaN2pwa220+pYvX9t0wxs="
    },
    "pull-defer": {
      "version": "0.2.3",
      "resolved": "https://registry.npm.taobao.org/pull-defer/download/pull-defer-0.2.3.tgz",
      "integrity": "sha1-TuCcbZ4ie+3pk424A5HD2sSJ0RM="
    },
    "pull-level": {
      "version": "2.0.4",
      "resolved": "https://registry.npm.taobao.org/pull-level/download/pull-level-2.0.4.tgz",
      "integrity": "sha1-SCLmF1fBC9zHz0oDrwTJJzTJr6w=",
      "requires": {
        "level-post": "^1.0.7",
        "pull-cat": "^1.1.9",
        "pull-live": "^1.0.1",
        "pull-pushable": "^2.0.0",
        "pull-stream": "^3.4.0",
        "pull-window": "^2.1.4",
        "stream-to-pull-stream": "^1.7.1"
      }
    },
    "pull-live": {
      "version": "1.0.1",
      "resolved": "https://registry.npm.taobao.org/pull-live/download/pull-live-1.0.1.tgz",
      "integrity": "sha1-pOzuAeMwFV6RJLu89HYfIbOPUfU=",
      "requires": {
        "pull-cat": "^1.1.9",
        "pull-stream": "^3.4.0"
      }
    },
    "pull-pushable": {
      "version": "2.2.0",
      "resolved": "https://registry.npm.taobao.org/pull-pushable/download/pull-pushable-2.2.0.tgz",
      "integrity": "sha1-Xy867UethpGfAbEqLpnW8b13ZYE="
    },
    "pull-stream": {
      "version": "3.6.14",
      "resolved": "https://registry.npm.taobao.org/pull-stream/download/pull-stream-3.6.14.tgz",
      "integrity": "sha1-Up29W4YTH0pe1jb99/avAHgTV+4="
    },
    "pull-window": {
      "version": "2.1.4",
      "resolved": "https://registry.npm.taobao.org/pull-window/download/pull-window-2.1.4.tgz",
      "integrity": "sha1-/DuG/uvRkgx64pdpHiP3BfiFUvA=",
      "requires": {
        "looper": "^2.0.0"
      }
    },
    "punycode": {
      "version": "1.3.2",
      "resolved": "https://registry.npm.taobao.org/punycode/download/punycode-1.3.2.tgz",
      "integrity": "sha1-llOgNvt8HuQjQvIyXM7v6jkmxI0="
    },
    "querystring": {
      "version": "0.2.0",
      "resolved": "https://registry.npm.taobao.org/querystring/download/querystring-0.2.0.tgz",
      "integrity": "sha1-sgmEkgO7Jd+CDadW50cAWHhSFiA="
    },
    "readable-stream": {
      "version": "1.0.34",
      "resolved": "https://registry.npm.taobao.org/readable-stream/download/readable-stream-1.0.34.tgz?cache=0&other_urls=https%3A%2F%2Fregistry.npm.taobao.org%2Freadable-stream%2Fdownload%2Freadable-stream-1.0.34.tgz",
      "integrity": "sha1-Elgg40vIQtLyqq+v5MKRbuMsFXw=",
      "requires": {
        "core-util-is": "~1.0.0",
        "inherits": "~2.0.1",
        "isarray": "0.0.1",
        "string_decoder": "~0.10.x"
      }
    },
    "safe-buffer": {
      "version": "5.2.0",
      "resolved": "https://registry.npm.taobao.org/safe-buffer/download/safe-buffer-5.2.0.tgz",
      "integrity": "sha1-t02uxJsRSPiMZLaNSbHoFcHy9Rk="
    },
    "semver": {
      "version": "5.1.1",
      "resolved": "https://registry.npm.taobao.org/semver/download/semver-5.1.1.tgz",
      "integrity": "sha1-oykqNz5vPgeY2gsgZBuanFvEfhk="
    },
    "stream-to-pull-stream": {
      "version": "1.7.3",
      "resolved": "https://registry.npm.taobao.org/stream-to-pull-stream/download/stream-to-pull-stream-1.7.3.tgz",
      "integrity": "sha1-QWGqLS65lk3mC/oa9/6vkX6HTs4=",
      "requires": {
        "looper": "^3.0.0",
        "pull-stream": "^3.2.3"
      },
      "dependencies": {
        "looper": {
          "version": "3.0.0",
          "resolved": "https://registry.npm.taobao.org/looper/download/looper-3.0.0.tgz",
          "integrity": "sha1-LvpUw7HLq6m5Su4uWRSwvlf7t0k="
        }
      }
    },
    "string_decoder": {
      "version": "0.10.31",
      "resolved": "https://registry.npm.taobao.org/string_decoder/download/string_decoder-0.10.31.tgz",
      "integrity": "sha1-YuIDvEF2bGwoyfyEMB2rHFMQ+pQ="
    },
    "typedarray-to-buffer": {
      "version": "3.1.5",
      "resolved": "https://registry.npm.taobao.org/typedarray-to-buffer/download/typedarray-to-buffer-3.1.5.tgz",
      "integrity": "sha1-qX7nqf9CaRufeD/xvFES/j/KkIA=",
      "requires": {
        "is-typedarray": "^1.0.0"
      }
    },
    "typewise": {
      "version": "1.0.3",
      "resolved": "https://registry.npm.taobao.org/typewise/download/typewise-1.0.3.tgz",
      "integrity": "sha1-EGeTZUCvl5N8xdz5kiSG6fooRlE=",
      "requires": {
        "typewise-core": "^1.2.0"
      }
    },
    "typewise-core": {
      "version": "1.2.0",
      "resolved": "https://registry.npm.taobao.org/typewise-core/download/typewise-core-1.2.0.tgz",
      "integrity": "sha1-l+uRgFx/VdL5QXSPpQ0xXZke8ZU="
    },
    "typewiselite": {
      "version": "1.0.0",
      "resolved": "https://registry.npm.taobao.org/typewiselite/download/typewiselite-1.0.0.tgz",
      "integrity": "sha1-yIgvobsQksBgBal/NO9chQjjZk4="
    },
    "url": {
      "version": "0.11.0",
      "resolved": "https://registry.npm.taobao.org/url/download/url-0.11.0.tgz",
      "integrity": "sha1-ODjpfPxgUh63PFJajlW/3Z4uKPE=",
      "requires": {
        "punycode": "1.3.2",
        "querystring": "0.2.0"
      }
    },
    "util-deprecate": {
      "version": "1.0.2",
      "resolved": "https://registry.npm.taobao.org/util-deprecate/download/util-deprecate-1.0.2.tgz",
      "integrity": "sha1-RQ1Nyfpw3nMnYvvS1KKJgUGaDM8="
    },
    "xtend": {
      "version": "4.0.2",
      "resolved": "https://registry.npm.taobao.org/xtend/download/xtend-4.0.2.tgz",
      "integrity": "sha1-u3J3n1+kZRhrH0OPZ0+jR/2121Q="
    }
  }
}
